
Microsoft Visual Studio Solution File, Format Version 12.00
# Visual Studio Version 16
VisualStudioVersion = 16.0.29025.244
MinimumVisualStudioVersion = 10.0.40219.1
Project("{FAE04EC0-301F-11D3-BF4B-00C04F79EFBC}") = "Lab2", "Lab2\Lab2.csproj", "{E41C9299-9C28-49A5-B737-012F77F29709}"
EndProject
Global
	GlobalSection(SolutionConfigurationPlatforms) = preSolution
		Debug|Any CPU = Debug|Any CPU
		Release|Any CPU = Release|Any CPU
	EndGlobalSection
	GlobalSection(ProjectConfigurationPlatforms) = postSolution
		{E41C9299-9C28-49A5-B737-012F77F29709}.Debug|Any CPU.ActiveCfg = Debug|Any CPU
		{E41C9299-9C28-49A5-B737-012F77F29709}.Debug|Any CPU.Build.0 = Debug|Any CPU
		{E41C9299-9C28-49A5-B737-012F77F29709}.Release|Any CPU.ActiveCfg = Release|Any CPU
		{E41C9299-9C28-49A5-B737-012F77F29709}.Release|Any CPU.Build.0 = Release|Any CPU
	EndGlobalSection
	GlobalSection(SolutionProperties) = preSolution
		HideSolutionNode = FALSE
	EndGlobalSection
	GlobalSection(ExtensibilityGlobals) = postSolution
		SolutionGuid = {83B7409A-BD42-4713-A338-AA57EF9A562B}
	EndGlobalSection
EndGlobal
